
Microsoft Visual Studio Solution File, Format Version 12.00
# Visual Studio Version 17
VisualStudioVersion = 17.0.31919.166
MinimumVisualStudioVersion = 10.0.40219.1
Project("{FAE04EC0-301F-11D3-BF4B-00C04F79EFBC}") = "RequestApp", "RequestApp\RequestApp.csproj", "{F6B650F8-C018-47B6-AC88-B4931923A55D}"
EndProject
Global
	GlobalSection(SolutionConfigurationPlatforms) = preSolution
		Debug|Any CPU = Debug|Any CPU
		Release|Any CPU = Release|Any CPU
	EndGlobalSection
	GlobalSection(ProjectConfigurationPlatforms) = postSolution
		{F6B650F8-C018-47B6-AC88-B4931923A55D}.Debug|Any CPU.ActiveCfg = Debug|Any CPU
		{F6B650F8-C018-47B6-AC88-B4931923A55D}.Debug|Any CPU.Build.0 = Debug|Any CPU
		{F6B650F8-C018-47B6-AC88-B4931923A55D}.Release|Any CPU.ActiveCfg = Release|Any CPU
		{F6B650F8-C018-47B6-AC88-B4931923A55D}.Release|Any CPU.Build.0 = Release|Any CPU
	EndGlobalSection
	GlobalSection(SolutionProperties) = preSolution
		HideSolutionNode = FALSE
	EndGlobalSection
	GlobalSection(ExtensibilityGlobals) = postSolution
		SolutionGuid = {270AE716-E419-48E7-91C9-427C09BF0736}
	EndGlobalSection
EndGlobal
